
Microsoft Visual Studio Solution File, Format Version 12.00
# Visual Studio 15
VisualStudioVersion = 15.0.26124.0
MinimumVisualStudioVersion = 15.0.26124.0
Project("{FAE04EC0-301F-11D3-BF4B-00C04F79EFBC}") = "MVCWinFormDemo", "MVCWinFormDemo\MVCWinFormDemo.csproj", "{45BD6089-489A-4B7F-BB53-DCE50881DA58}"
EndProject
Project("{FAE04EC0-301F-11D3-BF4B-00C04F79EFBC}") = "NullObjectPattern", "NullObjectPattern\NullObjectPattern.csproj", "{C32EC60B-C862-4145-8497-97A64BAB8225}"
EndProject
Project("{FAE04EC0-301F-11D3-BF4B-00C04F79EFBC}") = "SimpleFactoryPattern", "SimpleFactoryPattern\SimpleFactoryPattern.csproj", "{9B255EFB-92B2-4CCC-8A43-00BD70EC5EF5}"
EndProject
Project("{2150E333-8FDC-42A3-9474-1A3956D46DE8}") = "Solution Items", "Solution Items", "{9C52F31E-11F7-4134-937A-A69EC809BC0A}"
	ProjectSection(SolutionItems) = preProject
		README.md = README.md
	EndProjectSection
EndProject
Global
	GlobalSection(SolutionConfigurationPlatforms) = preSolution
		Debug|Any CPU = Debug|Any CPU
		Debug|x64 = Debug|x64
		Debug|x86 = Debug|x86
		Release|Any CPU = Release|Any CPU
		Release|x64 = Release|x64
		Release|x86 = Release|x86
	EndGlobalSection
	GlobalSection(ProjectConfigurationPlatforms) = postSolution
		{45BD6089-489A-4B7F-BB53-DCE50881DA58}.Debug|Any CPU.ActiveCfg = Debug|Any CPU
		{45BD6089-489A-4B7F-BB53-DCE50881DA58}.Debug|Any CPU.Build.0 = Debug|Any CPU
		{45BD6089-489A-4B7F-BB53-DCE50881DA58}.Debug|x64.ActiveCfg = Debug|Any CPU
		{45BD6089-489A-4B7F-BB53-DCE50881DA58}.Debug|x64.Build.0 = Debug|Any CPU
		{45BD6089-489A-4B7F-BB53-DCE50881DA58}.Debug|x86.ActiveCfg = Debug|Any CPU
		{45BD6089-489A-4B7F-BB53-DCE50881DA58}.Debug|x86.Build.0 = Debug|Any CPU
		{45BD6089-489A-4B7F-BB53-DCE50881DA58}.Release|Any CPU.ActiveCfg = Debug|Any CPU
		{45BD6089-489A-4B7F-BB53-DCE50881DA58}.Release|Any CPU.Build.0 = Debug|Any CPU
		{45BD6089-489A-4B7F-BB53-DCE50881DA58}.Release|x64.ActiveCfg = Debug|Any CPU
		{45BD6089-489A-4B7F-BB53-DCE50881DA58}.Release|x64.Build.0 = Debug|Any CPU
		{45BD6089-489A-4B7F-BB53-DCE50881DA58}.Release|x86.ActiveCfg = Debug|Any CPU
		{45BD6089-489A-4B7F-BB53-DCE50881DA58}.Release|x86.Build.0 = Debug|Any CPU
		{C32EC60B-C862-4145-8497-97A64BAB8225}.Debug|Any CPU.ActiveCfg = Debug|Any CPU
		{C32EC60B-C862-4145-8497-97A64BAB8225}.Debug|Any CPU.Build.0 = Debug|Any CPU
		{C32EC60B-C862-4145-8497-97A64BAB8225}.Debug|x64.ActiveCfg = Debug|Any CPU
		{C32EC60B-C862-4145-8497-97A64BAB8225}.Debug|x64.Build.0 = Debug|Any CPU
		{C32EC60B-C862-4145-8497-97A64BAB8225}.Debug|x86.ActiveCfg = Debug|Any CPU
		{C32EC60B-C862-4145-8497-97A64BAB8225}.Debug|x86.Build.0 = Debug|Any CPU
		{C32EC60B-C862-4145-8497-97A64BAB8225}.Release|Any CPU.ActiveCfg = Debug|Any CPU
		{C32EC60B-C862-4145-8497-97A64BAB8225}.Release|Any CPU.Build.0 = Debug|Any CPU
		{C32EC60B-C862-4145-8497-97A64BAB8225}.Release|x64.ActiveCfg = Debug|Any CPU
		{C32EC60B-C862-4145-8497-97A64BAB8225}.Release|x64.Build.0 = Debug|Any CPU
		{C32EC60B-C862-4145-8497-97A64BAB8225}.Release|x86.ActiveCfg = Debug|Any CPU
		{C32EC60B-C862-4145-8497-97A64BAB8225}.Release|x86.Build.0 = Debug|Any CPU
		{9B255EFB-92B2-4CCC-8A43-00BD70EC5EF5}.Debug|Any CPU.ActiveCfg = Debug|Any CPU
		{9B255EFB-92B2-4CCC-8A43-00BD70EC5EF5}.Debug|Any CPU.Build.0 = Debug|Any CPU
		{9B255EFB-92B2-4CCC-8A43-00BD70EC5EF5}.Debug|x64.ActiveCfg = Debug|Any CPU
		{9B255EFB-92B2-4CCC-8A43-00BD70EC5EF5}.Debug|x64.Build.0 = Debug|Any CPU
		{9B255EFB-92B2-4CCC-8A43-00BD70EC5EF5}.Debug|x86.ActiveCfg = Debug|Any CPU
		{9B255EFB-92B2-4CCC-8A43-00BD70EC5EF5}.Debug|x86.Build.0 = Debug|Any CPU
		{9B255EFB-92B2-4CCC-8A43-00BD70EC5EF5}.Release|Any CPU.ActiveCfg = Debug|Any CPU
		{9B255EFB-92B2-4CCC-8A43-00BD70EC5EF5}.Release|Any CPU.Build.0 = Debug|Any CPU
		{9B255EFB-92B2-4CCC-8A43-00BD70EC5EF5}.Release|x64.ActiveCfg = Debug|Any CPU
		{9B255EFB-92B2-4CCC-8A43-00BD70EC5EF5}.Release|x64.Build.0 = Debug|Any CPU
		{9B255EFB-92B2-4CCC-8A43-00BD70EC5EF5}.Release|x86.ActiveCfg = Debug|Any CPU
		{9B255EFB-92B2-4CCC-8A43-00BD70EC5EF5}.Release|x86.Build.0 = Debug|Any CPU
	EndGlobalSection
	GlobalSection(SolutionProperties) = preSolution
		HideSolutionNode = FALSE
	EndGlobalSection
	GlobalSection(ExtensibilityGlobals) = postSolution
		SolutionGuid = {60D6044D-7620-427F-996C-5BF4C37D433C}
	EndGlobalSection
EndGlobal
